
Microsoft Visual Studio Solution File, Format Version 12.00
# Visual Studio Version 17
VisualStudioVersion = 17.12.35707.178
MinimumVisualStudioVersion = 10.0.40219.1
Project("{FAE04EC0-301F-11D3-BF4B-00C04F79EFBC}") = "OO_Example_WPF", "OO_Example_WPF\OO_Example_WPF.csproj", "{78BAEF83-29C1-48E1-A6E9-178138DE50A0}"
EndProject
Project("{FAE04EC0-301F-11D3-BF4B-00C04F79EFBC}") = "OO_Example_Models", "OO_Example_Models\OO_Example_Models.csproj", "{CD7B107F-3DDD-4996-873A-491EB4FE52DD}"
EndProject
Global
	GlobalSection(SolutionConfigurationPlatforms) = preSolution
		Debug|Any CPU = Debug|Any CPU
		Release|Any CPU = Release|Any CPU
	EndGlobalSection
	GlobalSection(ProjectConfigurationPlatforms) = postSolution
		{78BAEF83-29C1-48E1-A6E9-178138DE50A0}.Debug|Any CPU.ActiveCfg = Debug|Any CPU
		{78BAEF83-29C1-48E1-A6E9-178138DE50A0}.Debug|Any CPU.Build.0 = Debug|Any CPU
		{78BAEF83-29C1-48E1-A6E9-178138DE50A0}.Release|Any CPU.ActiveCfg = Release|Any CPU
		{78BAEF83-29C1-48E1-A6E9-178138DE50A0}.Release|Any CPU.Build.0 = Release|Any CPU
		{CD7B107F-3DDD-4996-873A-491EB4FE52DD}.Debug|Any CPU.ActiveCfg = Debug|Any CPU
		{CD7B107F-3DDD-4996-873A-491EB4FE52DD}.Debug|Any CPU.Build.0 = Debug|Any CPU
		{CD7B107F-3DDD-4996-873A-491EB4FE52DD}.Release|Any CPU.ActiveCfg = Release|Any CPU
		{CD7B107F-3DDD-4996-873A-491EB4FE52DD}.Release|Any CPU.Build.0 = Release|Any CPU
	EndGlobalSection
	GlobalSection(SolutionProperties) = preSolution
		HideSolutionNode = FALSE
	EndGlobalSection
EndGlobal
