
Microsoft Visual Studio Solution File, Format Version 12.00
# Visual Studio Version 17
VisualStudioVersion = 17.12.35707.178 d17.12
MinimumVisualStudioVersion = 10.0.40219.1
Project("{FAE04EC0-301F-11D3-BF4B-00C04F79EFBC}") = "InheritancePart3Example_WPF", "InheritancePart3Example_WPF\InheritancePart3Example_WPF.csproj", "{FE7AD1A7-9774-42F2-8003-221E0EDA0B67}"
EndProject
Project("{FAE04EC0-301F-11D3-BF4B-00C04F79EFBC}") = "InheritancePart3Example_Models", "InheritancePart3Example_Models\InheritancePart3Example_Models.csproj", "{2DC37415-C1EB-4F37-997F-AE188849BAF5}"
EndProject
Global
	GlobalSection(SolutionConfigurationPlatforms) = preSolution
		Debug|Any CPU = Debug|Any CPU
		Release|Any CPU = Release|Any CPU
	EndGlobalSection
	GlobalSection(ProjectConfigurationPlatforms) = postSolution
		{FE7AD1A7-9774-42F2-8003-221E0EDA0B67}.Debug|Any CPU.ActiveCfg = Debug|Any CPU
		{FE7AD1A7-9774-42F2-8003-221E0EDA0B67}.Debug|Any CPU.Build.0 = Debug|Any CPU
		{FE7AD1A7-9774-42F2-8003-221E0EDA0B67}.Release|Any CPU.ActiveCfg = Release|Any CPU
		{FE7AD1A7-9774-42F2-8003-221E0EDA0B67}.Release|Any CPU.Build.0 = Release|Any CPU
		{2DC37415-C1EB-4F37-997F-AE188849BAF5}.Debug|Any CPU.ActiveCfg = Debug|Any CPU
		{2DC37415-C1EB-4F37-997F-AE188849BAF5}.Debug|Any CPU.Build.0 = Debug|Any CPU
		{2DC37415-C1EB-4F37-997F-AE188849BAF5}.Release|Any CPU.ActiveCfg = Release|Any CPU
		{2DC37415-C1EB-4F37-997F-AE188849BAF5}.Release|Any CPU.Build.0 = Release|Any CPU
	EndGlobalSection
	GlobalSection(SolutionProperties) = preSolution
		HideSolutionNode = FALSE
	EndGlobalSection
EndGlobal
